{
  "name": "client-library-lyra",
  "version": "2.0.7",
  "lockfileVersion": 1,
  "requires": true,
  "dependencies": {
    "eslint-plugin-react-hooks": {
      "version": "1.3.0",
      "resolved": "https://registry.npmjs.org/eslint-plugin-react-hooks/-/eslint-plugin-react-hooks-1.3.0.tgz",
      "integrity": "sha512-hjgyNq0sfDXaLkXHkmo3vRh+p+42lwQIU3r56hVoomMYRMToJ2D/PGhwL2EPyB5ZEMlbLsRm3s5v4gm5FIjlvg=="
    }
  }
}
